
Microsoft Visual Studio Solution File, Format Version 12.00
# Visual Studio Version 16
VisualStudioVersion = 16.0.809.9
MinimumVisualStudioVersion = 10.0.40219.1
Project("{FAE04EC0-301F-11D3-BF4B-00C04F79EFBC}") = "DotnetSeekSearch.Android", "DotnetSeekSearch.Android\DotnetSeekSearch.Android.csproj", "{B43BEA26-F520-47A1-91FF-E4C17FF0E30A}"
EndProject
Project("{FAE04EC0-301F-11D3-BF4B-00C04F79EFBC}") = "DotnetSeekSearch.iOS", "DotnetSeekSearch.iOS\DotnetSeekSearch.iOS.csproj", "{3A198B7F-25C0-4A88-9F42-E4922C4D957E}"
EndProject
Project("{FAE04EC0-301F-11D3-BF4B-00C04F79EFBC}") = "DotnetSeekSearch", "DotnetSeekSearch\DotnetSeekSearch.csproj", "{E6496E1E-AD88-4D20-AAA3-5E15899AE83F}"
EndProject
Project("{FAE04EC0-301F-11D3-BF4B-00C04F79EFBC}") = "DotnetSeekSearchLibrary", "DotnetSeekSearchLibrary\DotnetSeekSearchLibrary.csproj", "{9339D377-3631-49A8-BE7C-A38360DA6460}"
EndProject
Global
	GlobalSection(SolutionConfigurationPlatforms) = preSolution
		Debug|Any CPU = Debug|Any CPU
		Release|Any CPU = Release|Any CPU
		Debug|iPhoneSimulator = Debug|iPhoneSimulator
		Release|iPhoneSimulator = Release|iPhoneSimulator
		Debug|iPhone = Debug|iPhone
		Release|iPhone = Release|iPhone
	EndGlobalSection
	GlobalSection(ProjectConfigurationPlatforms) = postSolution
		{B43BEA26-F520-47A1-91FF-E4C17FF0E30A}.Debug|Any CPU.ActiveCfg = Debug|Any CPU
		{B43BEA26-F520-47A1-91FF-E4C17FF0E30A}.Debug|Any CPU.Build.0 = Debug|Any CPU
		{B43BEA26-F520-47A1-91FF-E4C17FF0E30A}.Release|Any CPU.ActiveCfg = Release|Any CPU
		{B43BEA26-F520-47A1-91FF-E4C17FF0E30A}.Release|Any CPU.Build.0 = Release|Any CPU
		{B43BEA26-F520-47A1-91FF-E4C17FF0E30A}.Debug|iPhoneSimulator.ActiveCfg = Debug|Any CPU
		{B43BEA26-F520-47A1-91FF-E4C17FF0E30A}.Debug|iPhoneSimulator.Build.0 = Debug|Any CPU
		{B43BEA26-F520-47A1-91FF-E4C17FF0E30A}.Release|iPhoneSimulator.ActiveCfg = Release|Any CPU
		{B43BEA26-F520-47A1-91FF-E4C17FF0E30A}.Release|iPhoneSimulator.Build.0 = Release|Any CPU
		{B43BEA26-F520-47A1-91FF-E4C17FF0E30A}.Debug|iPhone.ActiveCfg = Debug|Any CPU
		{B43BEA26-F520-47A1-91FF-E4C17FF0E30A}.Debug|iPhone.Build.0 = Debug|Any CPU
		{B43BEA26-F520-47A1-91FF-E4C17FF0E30A}.Release|iPhone.ActiveCfg = Release|Any CPU
		{B43BEA26-F520-47A1-91FF-E4C17FF0E30A}.Release|iPhone.Build.0 = Release|Any CPU
		{3A198B7F-25C0-4A88-9F42-E4922C4D957E}.Debug|Any CPU.ActiveCfg = Debug|iPhoneSimulator
		{3A198B7F-25C0-4A88-9F42-E4922C4D957E}.Debug|Any CPU.Build.0 = Debug|iPhoneSimulator
		{3A198B7F-25C0-4A88-9F42-E4922C4D957E}.Release|Any CPU.ActiveCfg = Release|iPhoneSimulator
		{3A198B7F-25C0-4A88-9F42-E4922C4D957E}.Release|Any CPU.Build.0 = Release|iPhoneSimulator
		{3A198B7F-25C0-4A88-9F42-E4922C4D957E}.Debug|iPhoneSimulator.ActiveCfg = Debug|iPhoneSimulator
		{3A198B7F-25C0-4A88-9F42-E4922C4D957E}.Debug|iPhoneSimulator.Build.0 = Debug|iPhoneSimulator
		{3A198B7F-25C0-4A88-9F42-E4922C4D957E}.Release|iPhoneSimulator.ActiveCfg = Release|iPhoneSimulator
		{3A198B7F-25C0-4A88-9F42-E4922C4D957E}.Release|iPhoneSimulator.Build.0 = Release|iPhoneSimulator
		{3A198B7F-25C0-4A88-9F42-E4922C4D957E}.Debug|iPhone.ActiveCfg = Debug|iPhone
		{3A198B7F-25C0-4A88-9F42-E4922C4D957E}.Debug|iPhone.Build.0 = Debug|iPhone
		{3A198B7F-25C0-4A88-9F42-E4922C4D957E}.Release|iPhone.ActiveCfg = Release|iPhone
		{3A198B7F-25C0-4A88-9F42-E4922C4D957E}.Release|iPhone.Build.0 = Release|iPhone
		{E6496E1E-AD88-4D20-AAA3-5E15899AE83F}.Debug|Any CPU.ActiveCfg = Debug|Any CPU
		{E6496E1E-AD88-4D20-AAA3-5E15899AE83F}.Debug|Any CPU.Build.0 = Debug|Any CPU
		{E6496E1E-AD88-4D20-AAA3-5E15899AE83F}.Release|Any CPU.ActiveCfg = Release|Any CPU
		{E6496E1E-AD88-4D20-AAA3-5E15899AE83F}.Release|Any CPU.Build.0 = Release|Any CPU
		{E6496E1E-AD88-4D20-AAA3-5E15899AE83F}.Debug|iPhoneSimulator.ActiveCfg = Debug|Any CPU
		{E6496E1E-AD88-4D20-AAA3-5E15899AE83F}.Debug|iPhoneSimulator.Build.0 = Debug|Any CPU
		{E6496E1E-AD88-4D20-AAA3-5E15899AE83F}.Release|iPhoneSimulator.ActiveCfg = Release|Any CPU
		{E6496E1E-AD88-4D20-AAA3-5E15899AE83F}.Release|iPhoneSimulator.Build.0 = Release|Any CPU
		{E6496E1E-AD88-4D20-AAA3-5E15899AE83F}.Debug|iPhone.ActiveCfg = Debug|Any CPU
		{E6496E1E-AD88-4D20-AAA3-5E15899AE83F}.Debug|iPhone.Build.0 = Debug|Any CPU
		{E6496E1E-AD88-4D20-AAA3-5E15899AE83F}.Release|iPhone.ActiveCfg = Release|Any CPU
		{E6496E1E-AD88-4D20-AAA3-5E15899AE83F}.Release|iPhone.Build.0 = Release|Any CPU
		{9339D377-3631-49A8-BE7C-A38360DA6460}.Debug|Any CPU.ActiveCfg = Debug|Any CPU
		{9339D377-3631-49A8-BE7C-A38360DA6460}.Debug|Any CPU.Build.0 = Debug|Any CPU
		{9339D377-3631-49A8-BE7C-A38360DA6460}.Release|Any CPU.ActiveCfg = Release|Any CPU
		{9339D377-3631-49A8-BE7C-A38360DA6460}.Release|Any CPU.Build.0 = Release|Any CPU
		{9339D377-3631-49A8-BE7C-A38360DA6460}.Debug|iPhoneSimulator.ActiveCfg = Debug|Any CPU
		{9339D377-3631-49A8-BE7C-A38360DA6460}.Debug|iPhoneSimulator.Build.0 = Debug|Any CPU
		{9339D377-3631-49A8-BE7C-A38360DA6460}.Release|iPhoneSimulator.ActiveCfg = Release|Any CPU
		{9339D377-3631-49A8-BE7C-A38360DA6460}.Release|iPhoneSimulator.Build.0 = Release|Any CPU
		{9339D377-3631-49A8-BE7C-A38360DA6460}.Debug|iPhone.ActiveCfg = Debug|Any CPU
		{9339D377-3631-49A8-BE7C-A38360DA6460}.Debug|iPhone.Build.0 = Debug|Any CPU
		{9339D377-3631-49A8-BE7C-A38360DA6460}.Release|iPhone.ActiveCfg = Release|Any CPU
		{9339D377-3631-49A8-BE7C-A38360DA6460}.Release|iPhone.Build.0 = Release|Any CPU
	EndGlobalSection
	GlobalSection(SolutionProperties) = preSolution
		HideSolutionNode = FALSE
	EndGlobalSection
	GlobalSection(ExtensibilityGlobals) = postSolution
		SolutionGuid = {19F8C546-B71E-43A9-9277-DF82BAA41813}
	EndGlobalSection
EndGlobal
